
Microsoft Visual Studio Solution File, Format Version 12.00
# Visual Studio 15
VisualStudioVersion = 15.0.27130.2036
MinimumVisualStudioVersion = 10.0.40219.1
Project("{9A19103F-16F7-4668-BE54-9A1E7A4F7556}") = "IC.CloudLink.WebApi", "IC.CloudLink.WebApi\IC.CloudLink.WebApi.csproj", "{CA35C3EF-0D12-4D93-BF6D-635F1148CF5B}"
EndProject
Project("{9A19103F-16F7-4668-BE54-9A1E7A4F7556}") = "IC.CloudLink.Services", "IC.CloudLink.Services\IC.CloudLink.Services.csproj", "{63297F85-9CAE-40E0-8808-0AD2AED1C9C8}"
EndProject
Project("{9A19103F-16F7-4668-BE54-9A1E7A4F7556}") = "IC.CloudLink.Services.Contracts", "IC.CloudLink.Services.Contracts\IC.CloudLink.Services.Contracts.csproj", "{FB1AB5F0-7777-434A-87EF-6443B420C87B}"
EndProject
Project("{2150E333-8FDC-42A3-9474-1A3956D46DE8}") = "CloudLink", "CloudLink", "{2D656318-4F85-4F54-B2D4-C69E0D900DE9}"
EndProject
Project("{2150E333-8FDC-42A3-9474-1A3956D46DE8}") = "Core", "Core", "{3D743D51-7577-484A-8331-B101C99880C1}"
EndProject
Project("{9A19103F-16F7-4668-BE54-9A1E7A4F7556}") = "IC.CloudLink.Extensions", "IC.CloudLink.Extensions\IC.CloudLink.Extensions.csproj", "{92D4A740-76F9-4E7D-BDDF-AD951F702C8D}"
EndProject
Project("{9A19103F-16F7-4668-BE54-9A1E7A4F7556}") = "IC.Core.Utility", "IC.Core.Utility\IC.Core.Utility.csproj", "{85462F4E-AA85-44F6-97F1-4B52EF60164D}"
EndProject
Project("{9A19103F-16F7-4668-BE54-9A1E7A4F7556}") = "IC.Core.Entity", "IC.Core.Entity\IC.Core.Entity.csproj", "{F3023C96-D65D-4615-89C2-2EA96248784C}"
EndProject
Global
	GlobalSection(SolutionConfigurationPlatforms) = preSolution
		Debug|Any CPU = Debug|Any CPU
		Release|Any CPU = Release|Any CPU
	EndGlobalSection
	GlobalSection(ProjectConfigurationPlatforms) = postSolution
		{CA35C3EF-0D12-4D93-BF6D-635F1148CF5B}.Debug|Any CPU.ActiveCfg = Debug|Any CPU
		{CA35C3EF-0D12-4D93-BF6D-635F1148CF5B}.Debug|Any CPU.Build.0 = Debug|Any CPU
		{CA35C3EF-0D12-4D93-BF6D-635F1148CF5B}.Release|Any CPU.ActiveCfg = Release|Any CPU
		{CA35C3EF-0D12-4D93-BF6D-635F1148CF5B}.Release|Any CPU.Build.0 = Release|Any CPU
		{63297F85-9CAE-40E0-8808-0AD2AED1C9C8}.Debug|Any CPU.ActiveCfg = Debug|Any CPU
		{63297F85-9CAE-40E0-8808-0AD2AED1C9C8}.Debug|Any CPU.Build.0 = Debug|Any CPU
		{63297F85-9CAE-40E0-8808-0AD2AED1C9C8}.Release|Any CPU.ActiveCfg = Release|Any CPU
		{63297F85-9CAE-40E0-8808-0AD2AED1C9C8}.Release|Any CPU.Build.0 = Release|Any CPU
		{FB1AB5F0-7777-434A-87EF-6443B420C87B}.Debug|Any CPU.ActiveCfg = Debug|Any CPU
		{FB1AB5F0-7777-434A-87EF-6443B420C87B}.Debug|Any CPU.Build.0 = Debug|Any CPU
		{FB1AB5F0-7777-434A-87EF-6443B420C87B}.Release|Any CPU.ActiveCfg = Release|Any CPU
		{FB1AB5F0-7777-434A-87EF-6443B420C87B}.Release|Any CPU.Build.0 = Release|Any CPU
		{92D4A740-76F9-4E7D-BDDF-AD951F702C8D}.Debug|Any CPU.ActiveCfg = Debug|Any CPU
		{92D4A740-76F9-4E7D-BDDF-AD951F702C8D}.Debug|Any CPU.Build.0 = Debug|Any CPU
		{92D4A740-76F9-4E7D-BDDF-AD951F702C8D}.Release|Any CPU.ActiveCfg = Release|Any CPU
		{92D4A740-76F9-4E7D-BDDF-AD951F702C8D}.Release|Any CPU.Build.0 = Release|Any CPU
		{85462F4E-AA85-44F6-97F1-4B52EF60164D}.Debug|Any CPU.ActiveCfg = Debug|Any CPU
		{85462F4E-AA85-44F6-97F1-4B52EF60164D}.Debug|Any CPU.Build.0 = Debug|Any CPU
		{85462F4E-AA85-44F6-97F1-4B52EF60164D}.Release|Any CPU.ActiveCfg = Release|Any CPU
		{85462F4E-AA85-44F6-97F1-4B52EF60164D}.Release|Any CPU.Build.0 = Release|Any CPU
		{F3023C96-D65D-4615-89C2-2EA96248784C}.Debug|Any CPU.ActiveCfg = Debug|Any CPU
		{F3023C96-D65D-4615-89C2-2EA96248784C}.Debug|Any CPU.Build.0 = Debug|Any CPU
		{F3023C96-D65D-4615-89C2-2EA96248784C}.Release|Any CPU.ActiveCfg = Release|Any CPU
		{F3023C96-D65D-4615-89C2-2EA96248784C}.Release|Any CPU.Build.0 = Release|Any CPU
	EndGlobalSection
	GlobalSection(SolutionProperties) = preSolution
		HideSolutionNode = FALSE
	EndGlobalSection
	GlobalSection(NestedProjects) = preSolution
		{CA35C3EF-0D12-4D93-BF6D-635F1148CF5B} = {2D656318-4F85-4F54-B2D4-C69E0D900DE9}
		{63297F85-9CAE-40E0-8808-0AD2AED1C9C8} = {2D656318-4F85-4F54-B2D4-C69E0D900DE9}
		{FB1AB5F0-7777-434A-87EF-6443B420C87B} = {2D656318-4F85-4F54-B2D4-C69E0D900DE9}
		{92D4A740-76F9-4E7D-BDDF-AD951F702C8D} = {2D656318-4F85-4F54-B2D4-C69E0D900DE9}
		{85462F4E-AA85-44F6-97F1-4B52EF60164D} = {3D743D51-7577-484A-8331-B101C99880C1}
		{F3023C96-D65D-4615-89C2-2EA96248784C} = {3D743D51-7577-484A-8331-B101C99880C1}
	EndGlobalSection
	GlobalSection(ExtensibilityGlobals) = postSolution
		SolutionGuid = {64A6AA2C-1FB9-498B-A8D1-97FB88077B55}
	EndGlobalSection
EndGlobal
